
Microsoft Visual Studio Solution File, Format Version 12.00
# Visual Studio Version 17
VisualStudioVersion = 17.2.32516.85
MinimumVisualStudioVersion = 10.0.40219.1
Project("{9A19103F-16F7-4668-BE54-9A1E7A4F7556}") = "OpenNetMeter", "OpenNetMeter.csproj", "{D7F7A17E-4262-4064-A530-A36C5A43D85C}"
	ProjectSection(ProjectDependencies) = postProject
		{34772448-2BE8-4587-9DE2-92035E86562A} = {34772448-2BE8-4587-9DE2-92035E86562A}
	EndProjectSection
EndProject
Project("{2150E333-8FDC-42A3-9474-1A3956D46DE8}") = "Solution Items", "Solution Items", "{23F44D36-0F94-4AD9-AB2E-7D4EF123C5E4}"
	ProjectSection(SolutionItems) = preProject
		..\.gitignore = ..\.gitignore
		..\LICENSE = ..\LICENSE
		..\NOTICE = ..\NOTICE
		..\README.md = ..\README.md
	EndProjectSection
EndProject
Project("{FAE04EC0-301F-11D3-BF4B-00C04F79EFBC}") = "Database", "..\Database\Database.csproj", "{34772448-2BE8-4587-9DE2-92035E86562A}"
EndProject
Global
	GlobalSection(SolutionConfigurationPlatforms) = preSolution
		Debug|Any CPU = Debug|Any CPU
		Debug|x64 = Debug|x64
		Debug|x86 = Debug|x86
		Release|Any CPU = Release|Any CPU
		Release|x64 = Release|x64
		Release|x86 = Release|x86
	EndGlobalSection
	GlobalSection(ProjectConfigurationPlatforms) = postSolution
		{D7F7A17E-4262-4064-A530-A36C5A43D85C}.Debug|Any CPU.ActiveCfg = Debug|Any CPU
		{D7F7A17E-4262-4064-A530-A36C5A43D85C}.Debug|Any CPU.Build.0 = Debug|Any CPU
		{D7F7A17E-4262-4064-A530-A36C5A43D85C}.Debug|x64.ActiveCfg = Debug|Any CPU
		{D7F7A17E-4262-4064-A530-A36C5A43D85C}.Debug|x64.Build.0 = Debug|Any CPU
		{D7F7A17E-4262-4064-A530-A36C5A43D85C}.Debug|x86.ActiveCfg = Debug|Any CPU
		{D7F7A17E-4262-4064-A530-A36C5A43D85C}.Debug|x86.Build.0 = Debug|Any CPU
		{D7F7A17E-4262-4064-A530-A36C5A43D85C}.Release|Any CPU.ActiveCfg = Release|Any CPU
		{D7F7A17E-4262-4064-A530-A36C5A43D85C}.Release|Any CPU.Build.0 = Release|Any CPU
		{D7F7A17E-4262-4064-A530-A36C5A43D85C}.Release|x64.ActiveCfg = Release|Any CPU
		{D7F7A17E-4262-4064-A530-A36C5A43D85C}.Release|x64.Build.0 = Release|Any CPU
		{D7F7A17E-4262-4064-A530-A36C5A43D85C}.Release|x86.ActiveCfg = Release|Any CPU
		{D7F7A17E-4262-4064-A530-A36C5A43D85C}.Release|x86.Build.0 = Release|Any CPU
		{34772448-2BE8-4587-9DE2-92035E86562A}.Debug|Any CPU.ActiveCfg = Debug|Any CPU
		{34772448-2BE8-4587-9DE2-92035E86562A}.Debug|Any CPU.Build.0 = Debug|Any CPU
		{34772448-2BE8-4587-9DE2-92035E86562A}.Debug|x64.ActiveCfg = Debug|Any CPU
		{34772448-2BE8-4587-9DE2-92035E86562A}.Debug|x64.Build.0 = Debug|Any CPU
		{34772448-2BE8-4587-9DE2-92035E86562A}.Debug|x86.ActiveCfg = Debug|Any CPU
		{34772448-2BE8-4587-9DE2-92035E86562A}.Debug|x86.Build.0 = Debug|Any CPU
		{34772448-2BE8-4587-9DE2-92035E86562A}.Release|Any CPU.ActiveCfg = Release|Any CPU
		{34772448-2BE8-4587-9DE2-92035E86562A}.Release|Any CPU.Build.0 = Release|Any CPU
		{34772448-2BE8-4587-9DE2-92035E86562A}.Release|x64.ActiveCfg = Release|Any CPU
		{34772448-2BE8-4587-9DE2-92035E86562A}.Release|x64.Build.0 = Release|Any CPU
		{34772448-2BE8-4587-9DE2-92035E86562A}.Release|x86.ActiveCfg = Release|Any CPU
		{34772448-2BE8-4587-9DE2-92035E86562A}.Release|x86.Build.0 = Release|Any CPU
	EndGlobalSection
	GlobalSection(SolutionProperties) = preSolution
		HideSolutionNode = FALSE
	EndGlobalSection
	GlobalSection(ExtensibilityGlobals) = postSolution
		SolutionGuid = {09D1D226-B6A2-47FB-9C0B-6D9E7C6313A2}
	EndGlobalSection
EndGlobal
