
Microsoft Visual Studio Solution File, Format Version 12.00
# Visual Studio Version 17
VisualStudioVersion = 17.2.32516.85
MinimumVisualStudioVersion = 10.0.40219.1
Project("{9A19103F-16F7-4668-BE54-9A1E7A4F7556}") = "OpenNetMeter", "OpenNetMeter\OpenNetMeter.csproj", "{711263C7-44E1-4694-8B30-E65FBD2ECBF2}"
EndProject
Project("{2150E333-8FDC-42A3-9474-1A3956D46DE8}") = "Solution Items", "Solution Items", "{F081DC62-1772-4E91-BDCB-9D69FD1ED0A4}"
	ProjectSection(SolutionItems) = preProject
		.gitignore = .gitignore
		LICENSE = LICENSE
		NOTICE = NOTICE
		README.md = README.md
	EndProjectSection
EndProject
Project("{9A19103F-16F7-4668-BE54-9A1E7A4F7556}") = "DatabaseEngine", "DatabaseEngine\DatabaseEngine.csproj", "{49CF6C08-3735-449D-AB1E-33BF6EDEAE4E}"
EndProject
Project("{B7DD6F7E-DEF8-4E67-B5B7-07EF123DB6F0}") = "OpenNetMeter-Installer", "Installer\OpenNetMeter-Installer.wixproj", "{99E49CF2-A3E6-42D9-B41C-06E2CFDC77AA}"
EndProject
Global
	GlobalSection(SolutionConfigurationPlatforms) = preSolution
		Debug|Any CPU = Debug|Any CPU
		Debug|ARM64 = Debug|ARM64
		Debug|x64 = Debug|x64
		Debug|x86 = Debug|x86
		Release|Any CPU = Release|Any CPU
		Release|ARM64 = Release|ARM64
		Release|x64 = Release|x64
		Release|x86 = Release|x86
	EndGlobalSection
	GlobalSection(ProjectConfigurationPlatforms) = postSolution
		{711263C7-44E1-4694-8B30-E65FBD2ECBF2}.Debug|Any CPU.ActiveCfg = Debug|Any CPU
		{711263C7-44E1-4694-8B30-E65FBD2ECBF2}.Debug|Any CPU.Build.0 = Debug|Any CPU
		{711263C7-44E1-4694-8B30-E65FBD2ECBF2}.Debug|ARM64.ActiveCfg = Debug|Any CPU
		{711263C7-44E1-4694-8B30-E65FBD2ECBF2}.Debug|ARM64.Build.0 = Debug|Any CPU
		{711263C7-44E1-4694-8B30-E65FBD2ECBF2}.Debug|x64.ActiveCfg = Debug|Any CPU
		{711263C7-44E1-4694-8B30-E65FBD2ECBF2}.Debug|x64.Build.0 = Debug|Any CPU
		{711263C7-44E1-4694-8B30-E65FBD2ECBF2}.Debug|x86.ActiveCfg = Debug|Any CPU
		{711263C7-44E1-4694-8B30-E65FBD2ECBF2}.Debug|x86.Build.0 = Debug|Any CPU
		{711263C7-44E1-4694-8B30-E65FBD2ECBF2}.Release|Any CPU.ActiveCfg = Release|Any CPU
		{711263C7-44E1-4694-8B30-E65FBD2ECBF2}.Release|Any CPU.Build.0 = Release|Any CPU
		{711263C7-44E1-4694-8B30-E65FBD2ECBF2}.Release|ARM64.ActiveCfg = Release|Any CPU
		{711263C7-44E1-4694-8B30-E65FBD2ECBF2}.Release|ARM64.Build.0 = Release|Any CPU
		{711263C7-44E1-4694-8B30-E65FBD2ECBF2}.Release|x64.ActiveCfg = Release|Any CPU
		{711263C7-44E1-4694-8B30-E65FBD2ECBF2}.Release|x64.Build.0 = Release|Any CPU
		{711263C7-44E1-4694-8B30-E65FBD2ECBF2}.Release|x86.ActiveCfg = Release|Any CPU
		{711263C7-44E1-4694-8B30-E65FBD2ECBF2}.Release|x86.Build.0 = Release|Any CPU
		{49CF6C08-3735-449D-AB1E-33BF6EDEAE4E}.Debug|Any CPU.ActiveCfg = Debug|Any CPU
		{49CF6C08-3735-449D-AB1E-33BF6EDEAE4E}.Debug|Any CPU.Build.0 = Debug|Any CPU
		{49CF6C08-3735-449D-AB1E-33BF6EDEAE4E}.Debug|ARM64.ActiveCfg = Debug|Any CPU
		{49CF6C08-3735-449D-AB1E-33BF6EDEAE4E}.Debug|ARM64.Build.0 = Debug|Any CPU
		{49CF6C08-3735-449D-AB1E-33BF6EDEAE4E}.Debug|x64.ActiveCfg = Debug|Any CPU
		{49CF6C08-3735-449D-AB1E-33BF6EDEAE4E}.Debug|x64.Build.0 = Debug|Any CPU
		{49CF6C08-3735-449D-AB1E-33BF6EDEAE4E}.Debug|x86.ActiveCfg = Debug|Any CPU
		{49CF6C08-3735-449D-AB1E-33BF6EDEAE4E}.Debug|x86.Build.0 = Debug|Any CPU
		{49CF6C08-3735-449D-AB1E-33BF6EDEAE4E}.Release|Any CPU.ActiveCfg = Release|Any CPU
		{49CF6C08-3735-449D-AB1E-33BF6EDEAE4E}.Release|Any CPU.Build.0 = Release|Any CPU
		{49CF6C08-3735-449D-AB1E-33BF6EDEAE4E}.Release|ARM64.ActiveCfg = Release|Any CPU
		{49CF6C08-3735-449D-AB1E-33BF6EDEAE4E}.Release|ARM64.Build.0 = Release|Any CPU
		{49CF6C08-3735-449D-AB1E-33BF6EDEAE4E}.Release|x64.ActiveCfg = Release|Any CPU
		{49CF6C08-3735-449D-AB1E-33BF6EDEAE4E}.Release|x64.Build.0 = Release|Any CPU
		{49CF6C08-3735-449D-AB1E-33BF6EDEAE4E}.Release|x86.ActiveCfg = Release|Any CPU
		{49CF6C08-3735-449D-AB1E-33BF6EDEAE4E}.Release|x86.Build.0 = Release|Any CPU
		{99E49CF2-A3E6-42D9-B41C-06E2CFDC77AA}.Debug|Any CPU.ActiveCfg = Debug|x64
		{99E49CF2-A3E6-42D9-B41C-06E2CFDC77AA}.Debug|Any CPU.Build.0 = Debug|x64
		{99E49CF2-A3E6-42D9-B41C-06E2CFDC77AA}.Debug|ARM64.ActiveCfg = Debug|ARM64
		{99E49CF2-A3E6-42D9-B41C-06E2CFDC77AA}.Debug|ARM64.Build.0 = Debug|ARM64
		{99E49CF2-A3E6-42D9-B41C-06E2CFDC77AA}.Debug|x64.ActiveCfg = Debug|x64
		{99E49CF2-A3E6-42D9-B41C-06E2CFDC77AA}.Debug|x64.Build.0 = Debug|x64
		{99E49CF2-A3E6-42D9-B41C-06E2CFDC77AA}.Debug|x86.ActiveCfg = Debug|x86
		{99E49CF2-A3E6-42D9-B41C-06E2CFDC77AA}.Debug|x86.Build.0 = Debug|x86
		{99E49CF2-A3E6-42D9-B41C-06E2CFDC77AA}.Release|Any CPU.ActiveCfg = Release|x64
		{99E49CF2-A3E6-42D9-B41C-06E2CFDC77AA}.Release|Any CPU.Build.0 = Release|x64
		{99E49CF2-A3E6-42D9-B41C-06E2CFDC77AA}.Release|ARM64.ActiveCfg = Release|ARM64
		{99E49CF2-A3E6-42D9-B41C-06E2CFDC77AA}.Release|ARM64.Build.0 = Release|ARM64
		{99E49CF2-A3E6-42D9-B41C-06E2CFDC77AA}.Release|x64.ActiveCfg = Release|x64
		{99E49CF2-A3E6-42D9-B41C-06E2CFDC77AA}.Release|x64.Build.0 = Release|x64
		{99E49CF2-A3E6-42D9-B41C-06E2CFDC77AA}.Release|x86.ActiveCfg = Release|x86
		{99E49CF2-A3E6-42D9-B41C-06E2CFDC77AA}.Release|x86.Build.0 = Release|x86
	EndGlobalSection
	GlobalSection(SolutionProperties) = preSolution
		HideSolutionNode = FALSE
	EndGlobalSection
	GlobalSection(ExtensibilityGlobals) = postSolution
		SolutionGuid = {09D1D226-B6A2-47FB-9C0B-6D9E7C6313A2}
	EndGlobalSection
EndGlobal
